
Microsoft Visual Studio Solution File, Format Version 12.00
# Visual Studio Version 16
VisualStudioVersion = 16.0.31727.386
MinimumVisualStudioVersion = 10.0.40219.1
Project("{FAE04EC0-301F-11D3-BF4B-00C04F79EFBC}") = "Truta_Diana_lab5", "Truta_Diana_lab5.csproj", "{5FE7DFE8-0B0C-444E-A093-BC68E965018F}"
EndProject
Project("{FAE04EC0-301F-11D3-BF4B-00C04F79EFBC}") = "AutoLotModel", "..\AutoLotModel\AutoLotModel.csproj", "{EF4A8EE3-046E-4A2C-96BF-2296AF488A1B}"
EndProject
Global
	GlobalSection(SolutionConfigurationPlatforms) = preSolution
		Debug|Any CPU = Debug|Any CPU
		Release|Any CPU = Release|Any CPU
	EndGlobalSection
	GlobalSection(ProjectConfigurationPlatforms) = postSolution
		{5FE7DFE8-0B0C-444E-A093-BC68E965018F}.Debug|Any CPU.ActiveCfg = Debug|Any CPU
		{5FE7DFE8-0B0C-444E-A093-BC68E965018F}.Debug|Any CPU.Build.0 = Debug|Any CPU
		{5FE7DFE8-0B0C-444E-A093-BC68E965018F}.Release|Any CPU.ActiveCfg = Release|Any CPU
		{5FE7DFE8-0B0C-444E-A093-BC68E965018F}.Release|Any CPU.Build.0 = Release|Any CPU
		{EF4A8EE3-046E-4A2C-96BF-2296AF488A1B}.Debug|Any CPU.ActiveCfg = Debug|Any CPU
		{EF4A8EE3-046E-4A2C-96BF-2296AF488A1B}.Debug|Any CPU.Build.0 = Debug|Any CPU
		{EF4A8EE3-046E-4A2C-96BF-2296AF488A1B}.Release|Any CPU.ActiveCfg = Release|Any CPU
		{EF4A8EE3-046E-4A2C-96BF-2296AF488A1B}.Release|Any CPU.Build.0 = Release|Any CPU
	EndGlobalSection
	GlobalSection(SolutionProperties) = preSolution
		HideSolutionNode = FALSE
	EndGlobalSection
	GlobalSection(ExtensibilityGlobals) = postSolution
		SolutionGuid = {586C4346-FC9A-4B2C-AA86-D96CC8BCAD3A}
	EndGlobalSection
EndGlobal
